
Microsoft Visual Studio Solution File, Format Version 12.00
# Visual Studio Version 17
VisualStudioVersion = 17.0.31919.166
MinimumVisualStudioVersion = 10.0.40219.1
Project("{FAE04EC0-301F-11D3-BF4B-00C04F79EFBC}") = "cofinder", "cofinder.csproj", "{F56644D1-A9D5-46EB-AA78-61D33D081B0D}"
EndProject
Global
	GlobalSection(SolutionConfigurationPlatforms) = preSolution
		Debug|Any CPU = Debug|Any CPU
		Release|Any CPU = Release|Any CPU
	EndGlobalSection
	GlobalSection(ProjectConfigurationPlatforms) = postSolution
		{F56644D1-A9D5-46EB-AA78-61D33D081B0D}.Debug|Any CPU.ActiveCfg = Debug|Any CPU
		{F56644D1-A9D5-46EB-AA78-61D33D081B0D}.Debug|Any CPU.Build.0 = Debug|Any CPU
		{F56644D1-A9D5-46EB-AA78-61D33D081B0D}.Release|Any CPU.ActiveCfg = Release|Any CPU
		{F56644D1-A9D5-46EB-AA78-61D33D081B0D}.Release|Any CPU.Build.0 = Release|Any CPU
	EndGlobalSection
	GlobalSection(SolutionProperties) = preSolution
		HideSolutionNode = FALSE
	EndGlobalSection
	GlobalSection(ExtensibilityGlobals) = postSolution
		SolutionGuid = {74F86B60-5CB2-41EE-929D-ABFB0F41309B}
	EndGlobalSection
EndGlobal
